
Microsoft Visual Studio Solution File, Format Version 12.00
# Visual Studio Version 16
VisualStudioVersion = 16.0.30611.23
MinimumVisualStudioVersion = 10.0.40219.1
Project("{9A19103F-16F7-4668-BE54-9A1E7A4F7556}") = "LotsAPI", "LotsAPI.csproj", "{2591C9E9-4654-4F1F-B952-C92A70667F9F}"
EndProject
Global
	GlobalSection(SolutionConfigurationPlatforms) = preSolution
		Debug|Any CPU = Debug|Any CPU
		Release|Any CPU = Release|Any CPU
	EndGlobalSection
	GlobalSection(ProjectConfigurationPlatforms) = postSolution
		{2591C9E9-4654-4F1F-B952-C92A70667F9F}.Debug|Any CPU.ActiveCfg = Debug|Any CPU
		{2591C9E9-4654-4F1F-B952-C92A70667F9F}.Debug|Any CPU.Build.0 = Debug|Any CPU
		{2591C9E9-4654-4F1F-B952-C92A70667F9F}.Release|Any CPU.ActiveCfg = Release|Any CPU
		{2591C9E9-4654-4F1F-B952-C92A70667F9F}.Release|Any CPU.Build.0 = Release|Any CPU
	EndGlobalSection
	GlobalSection(SolutionProperties) = preSolution
		HideSolutionNode = FALSE
	EndGlobalSection
	GlobalSection(ExtensibilityGlobals) = postSolution
		SolutionGuid = {204BA018-2F01-4C71-B0C6-81ADED4B9C6A}
	EndGlobalSection
EndGlobal
